dependencies:
- name: postgresql
  repository: oci://registry-1.docker.io/bitnamicharts
  version: 16.7.27
- name: redis
  repository: oci://registry-1.docker.io/bitnamicharts
  version: 20.13.4
digest: sha256:332dc8b63d147bb414805b48be3af31da9c7391fd7bcf1d97591efaca09a3a2c
generated: "2026-06-07T14:49:51.30104751Z"
